<?xml version="1.0" encoding="utf-8"?>
<Project ToolsVersion="4.0" xmlns="http://schemas.microsoft.com/developer/msbuild/2003">
  <ItemGroup>
    <Filter Include="Source Files">
      <UniqueIdentifier>{4FC737F1-C7A5-4376-A066-2A32D752A2FF}</UniqueIdentifier>
      <Extensions>cpp;c;cc;cxx;def;odl;idl;hpj;bat;asm;asmx</Extensions>
    </Filter>
    <Filter Include="Header Files">
      <UniqueIdentifier>{93995380-89BD-4b04-88EB-625FBE52EBFB}</UniqueIdentifier>
      <Extensions>h;hh;hpp;hxx;hm;inl;inc;xsd</Extensions>
    </Filter>
    <Filter Include="Resource Files">
      <UniqueIdentifier>{67DA6AB6-F800-4c08-8B7A-83BB121AAD01}</UniqueIdentifier>
      <Extensions>rc;ico;cur;bmp;dlg;rc2;rct;bin;rgs;gif;jpg;jpeg;jpe;resx;tiff;tif;png;wav;mfcribbon-ms</Extensions>
    </Filter>
  </ItemGroup>
  <ItemGroup>
    <ClCompile Include="main.cpp">
      <Filter>Source Files</Filter>
    </ClCompile>
    <ClCompile Include="Shader.cpp">
      <Filter>Source Files</Filter>
    </ClCompile>
    <ClCompile Include="Window.cpp">
      <Filter>Source Files</Filter>
    </ClCompile>
    <ClCompile Include="GameObject.cpp">
      <Filter>Source Files</Filter>
    </ClCompile>
    <ClCompile Include="FileUtils.cpp">
      <Filter>Source Files</Filter>
    </ClCompile>
    <ClCompile Include="PlayerGameObject.cpp">
      <Filter>Source Files</Filter>
    </ClCompile>
    <ClCompile Include="UIObject.cpp">
      <Filter>Source Files</Filter>
    </ClCompile>
    <ClCompile Include="HealthUI.cpp">
      <Filter>Source Files</Filter>
    </ClCompile>
    <ClCompile Include="ProjectileGameObject.cpp">
      <Filter>Source Files</Filter>
    </ClCompile>
    <ClCompile Include="WallGameObject.cpp">
      <Filter>Source Files</Filter>
    </ClCompile>
    <ClCompile Include="VortexGameObject.cpp">
      <Filter>Source Files</Filter>
    </ClCompile>
    <ClCompile Include="PowerupGameObject.cpp">
      <Filter>Source Files</Filter>
    </ClCompile>
    <ClCompile Include="WeaponUI.cpp">
      <Filter>Source Files</Filter>
    </ClCompile>
    <ClCompile Include="CoinUI.cpp">
      <Filter>Source Files</Filter>
    </ClCompile>
    <ClCompile Include="TurretGameObject.cpp">
      <Filter>Source Files</Filter>
    </ClCompile>
    <ClCompile Include="ChaserGameObject.cpp">
      <Filter>Source Files</Filter>
    </ClCompile>
    <ClCompile Include="BossGameObject.cpp">
      <Filter>Source Files</Filter>
    </ClCompile>
    <ClCompile Include="Node.cpp">
      <Filter>Source Files</Filter>
    </ClCompile>
    <ClCompile Include="Graph.cpp">
      <Filter>Source Files</Filter>
    </ClCompile>
    <ClCompile Include="common.cpp">
      <Filter>Source Files</Filter>
    </ClCompile>
    <ClCompile Include="LiquidatorGameObject.cpp">
      <Filter>Source Files</Filter>
    </ClInclude>
    <ClCompile Include="HitBoxGameObject.cpp">
      <Filter>Source Files</Filter>
    </ClCompile>
  </ItemGroup>
  <ItemGroup>
    <ClInclude Include="Shader.h">
      <Filter>Header Files</Filter>
    </ClInclude>
    <ClInclude Include="Window.h">
      <Filter>Header Files</Filter>
    </ClInclude>
    <ClInclude Include="GameObject.h">
      <Filter>Header Files</Filter>
    </ClInclude>
    <ClInclude Include="FileUtils.h">
      <Filter>Header Files</Filter>
    </ClInclude>
    <ClInclude Include="PlayerGameObject.h">
      <Filter>Header Files</Filter>
    </ClInclude>
    <ClInclude Include="UIObject.h">
      <Filter>Header Files</Filter>
    </ClInclude>
    <ClInclude Include="HealthUI.h">
      <Filter>Header Files</Filter>
    </ClInclude>
    <ClInclude Include="utils.h">
      <Filter>Header Files</Filter>
    </ClInclude>
    <ClInclude Include="main.h">
      <Filter>Header Files</Filter>
    </ClInclude>
    <ClInclude Include="ProjectileGameObject.h">
      <Filter>Header Files</Filter>
    </ClInclude>
    <ClInclude Include="WallGameObject.h">
      <Filter>Header Files</Filter>
    </ClInclude>
    <ClInclude Include="VortexGameObject.h">
      <Filter>Header Files</Filter>
    </ClInclude>
    <ClInclude Include="PowerupGameObject.h">
      <Filter>Header Files</Filter>
    </ClInclude>
    <ClInclude Include="WeaponUI.h">
      <Filter>Header Files</Filter>
    </ClInclude>
    <ClInclude Include="CoinUI.h">
      <Filter>Header Files</Filter>
    </ClInclude>
    <ClInclude Include="TurretGameObject.h">
      <Filter>Header Files</Filter>
    </ClInclude>
    <ClInclude Include="ChaserGameObject.h">
      <Filter>Header Files</Filter>
    </ClInclude>
    <ClInclude Include="BossGameObject.h">
      <Filter>Header Files</Filter>
    </ClInclude>
    <ClInclude Include="Graph.h">
      <Filter>Header Files</Filter>
    </ClInclude>
    <ClInclude Include="Node.h">
      <Filter>Header Files</Filter>
    </ClInclude>
    <ClInclude Include="common.h">
      <Filter>Header Files</Filter>
    </ClInclude>
    <ClInclude Include="HitBoxGameObject.h">
      <Filter>Header Files</Filter>
    </ClInclude>
  </ItemGroup>
  <ItemGroup>
    <None Include="shader.vert">
      <Filter>Resource Files</Filter>
    </None>
    <None Include="shader.frag">
      <Filter>Resource Files</Filter>
    </None>
<<<<<<< Updated upstream
=======
    <None Include="particle_shader.frag">
      <Filter>Shader</Filter>
    </None>
    <None Include="death_shader.vert">
      <Filter>Shader</Filter>
    </None>
    <None Include="fire_shader.vert">
      <Filter>Shader</Filter>
    </None>
  </ItemGroup>
  <ItemGroup>
    <Filter Include="Header">
      <UniqueIdentifier>{ec7434dc-803b-43ca-b5b7-3f669c35aae0}</UniqueIdentifier>
    </Filter>
    <Filter Include="Source">
      <UniqueIdentifier>{db3f75d0-7151-4cbc-a5f8-3bd44444e02c}</UniqueIdentifier>
    </Filter>
    <Filter Include="Shader">
      <UniqueIdentifier>{b9bb2071-b73a-4ab2-b7ec-4697eaacd653}</UniqueIdentifier>
    </Filter>
>>>>>>> Stashed changes
  </ItemGroup>
</Project>